
Microsoft Visual Studio Solution File, Format Version 12.00
# Visual Studio Version 16
VisualStudioVersion = 16.0.32407.337
MinimumVisualStudioVersion = 10.0.40219.1
Project("{FAE04EC0-301F-11D3-BF4B-00C04F79EFBC}") = "TR-8001", "TR-8001\TR-8001.csproj", "{F28E849E-7AF1-4A0E-B2CA-E2F9A0C26D06}"
EndProject
Global
	GlobalSection(SolutionConfigurationPlatforms) = preSolution
		Debug|Any CPU = Debug|Any CPU
		Release|Any CPU = Release|Any CPU
	EndGlobalSection
	GlobalSection(ProjectConfigurationPlatforms) = postSolution
		{F28E849E-7AF1-4A0E-B2CA-E2F9A0C26D06}.Debug|Any CPU.ActiveCfg = Debug|Any CPU
		{F28E849E-7AF1-4A0E-B2CA-E2F9A0C26D06}.Debug|Any CPU.Build.0 = Debug|Any CPU
		{F28E849E-7AF1-4A0E-B2CA-E2F9A0C26D06}.Release|Any CPU.ActiveCfg = Release|Any CPU
		{F28E849E-7AF1-4A0E-B2CA-E2F9A0C26D06}.Release|Any CPU.Build.0 = Release|Any CPU
	EndGlobalSection
	GlobalSection(SolutionProperties) = preSolution
		HideSolutionNode = FALSE
	EndGlobalSection
	GlobalSection(ExtensibilityGlobals) = postSolution
		SolutionGuid = {C86135DF-50D7-40FC-8558-5011FA7D56B3}
	EndGlobalSection
EndGlobal
